
Microsoft Visual Studio Solution File, Format Version 12.00
# Visual Studio Version 16
VisualStudioVersion = 16.0.30907.101
MinimumVisualStudioVersion = 10.0.40219.1
Project("{FAE04EC0-301F-11D3-BF4B-00C04F79EFBC}") = "WinAdoDotNetConnectedArch", "WinAdoDotNetConnectedArch\WinAdoDotNetConnectedArch.csproj", "{B07183DA-5422-46C6-A7FD-58F755767091}"
EndProject
Global
	GlobalSection(SolutionConfigurationPlatforms) = preSolution
		Debug|Any CPU = Debug|Any CPU
		Release|Any CPU = Release|Any CPU
	EndGlobalSection
	GlobalSection(ProjectConfigurationPlatforms) = postSolution
		{B07183DA-5422-46C6-A7FD-58F755767091}.Debug|Any CPU.ActiveCfg = Debug|Any CPU
		{B07183DA-5422-46C6-A7FD-58F755767091}.Debug|Any CPU.Build.0 = Debug|Any CPU
		{B07183DA-5422-46C6-A7FD-58F755767091}.Release|Any CPU.ActiveCfg = Release|Any CPU
		{B07183DA-5422-46C6-A7FD-58F755767091}.Release|Any CPU.Build.0 = Release|Any CPU
	EndGlobalSection
	GlobalSection(SolutionProperties) = preSolution
		HideSolutionNode = FALSE
	EndGlobalSection
	GlobalSection(ExtensibilityGlobals) = postSolution
		SolutionGuid = {BF0C829D-E65A-4BFD-A800-3F3AE1580A7D}
	EndGlobalSection
EndGlobal
